// !$*UTF8*$!
{
	archiveVersion = 1;
	classes = {
	};
	objectVersion = 46;
	objects = {

/* Begin PBXBuildFile section */
		F5EADC8A1BD92F8300F44A7B /* main.m in Sources */ = {isa = PBXBuildFile; fileRef = F5EADC891BD92F8300F44A7B /* main.m */; };
		F5EADC8D1BD92F8300F44A7B /* AppDelegate.m in Sources */ = {isa = PBXBuildFile; fileRef = F5EADC8C1BD92F8300F44A7B /* AppDelegate.m */; };
		F5EADC951BD92F8300F44A7B /* Assets.xcassets in Resources */ = {isa = PBXBuildFile; fileRef = F5EADC941BD92F8300F44A7B /* Assets.xcassets */; };
		F5EADC981BD92F8300F44A7B /* LaunchScreen.storyboard in Resources */ = {isa = PBXBuildFile; fileRef = F5EADC961BD92F8300F44A7B /* LaunchScreen.storyboard */; };
		F5EADCA41BD9315E00F44A7B /* SimpleTableViewController.m in Sources */ = {isa = PBXBuildFile; fileRef = F5EADCA21BD9315E00F44A7B /* SimpleTableViewController.m */; };
		F5EADCA51BD9315E00F44A7B /* SimpleTableViewController.xib in Resources */ = {isa = PBXBuildFile; fileRef = F5EADCA31BD9315E00F44A7B /* SimpleTableViewController.xib */; };
/* End PBXBuildFile section */

/* Begin PBXFileReference section */
		F5EADC851BD92F8300F44A7B /* XIBUIExample.app */ = {isa = PBXFileReference; explicitFileType = wrapper.application; includeInIndex = 0; path = XIBUIExample.app; sourceTree = BUILT_PRODUCTS_DIR; };
		F5EADC891BD92F8300F44A7B /* main.m */ = {isa = PBXFileReference; lastKnownFileType = sourcecode.c.objc; path = main.m; sourceTree = "<group>"; };
		F5EADC8B1BD92F8300F44A7B /* AppDelegate.h */ = {isa = PBXFileReference; lastKnownFileType = sourcecode.c.h; path = AppDelegate.h; sourceTree = "<group>"; };
		F5EADC8C1BD92F8300F44A7B /* AppDelegate.m */ = {isa = PBXFileReference; lastKnownFileType = sourcecode.c.objc; path = AppDelegate.m; sourceTree = "<group>"; };
		F5EADC941BD92F8300F44A7B /* Assets.xcassets */ = {isa = PBXFileReference; lastKnownFileType = folder.assetcatalog; path = Assets.xcassets; sourceTree = "<group>"; };
		F5EADC971BD92F8300F44A7B /* Base */ = {isa = PBXFileReference; lastKnownFileType = file.storyboard; name = Base; path = Base.lproj/LaunchScreen.storyboard; sourceTree = "<group>"; };
		F5EADC991BD92F8300F44A7B /* Info.plist */ = {isa = PBXFileReference; lastKnownFileType = text.plist.xml; path = Info.plist; sourceTree = "<group>"; };
		F5EADCA11BD9315E00F44A7B /* SimpleTableViewController.h */ = {isa = PBXFileReference; fileEncoding = 4; lastKnownFileType = sourcecode.c.h; path = SimpleTableViewController.h; sourceTree = "<group>"; };
		F5EADCA21BD9315E00F44A7B /* SimpleTableViewController.m */ = {isa = PBXFileReference; fileEncoding = 4; lastKnownFileType = sourcecode.c.objc; path = SimpleTableViewController.m; sourceTree = "<group>"; };
		F5EADCA31BD9315E00F44A7B /* SimpleTableViewController.xib */ = {isa = PBXFileReference; fileEncoding = 4; lastKnownFileType = file.xib; path = SimpleTableViewController.xib; sourceTree = "<group>"; };
/* End PBXFileReference section */

/* Begin PBXFrameworksBuildPhase section */
		F5EADC821BD92F8300F44A7B /* Frameworks */ = {
			isa = PBXFrameworksBuildPhase;
			buildActionMask = 2147483647;
			files = (
			);
			runOnlyForDeploymentPostprocessing = 0;
		};
/* End PBXFrameworksBuildPhase section */

/* Begin PBXGroup section */
		F5EADC7C1BD92F8300F44A7B = {
			isa = PBXGroup;
			children = (
				F5EADC871BD92F8300F44A7B /* XIBUIExample */,
				F5EADC861BD92F8300F44A7B /* Products */,
			);
			sourceTree = "<group>";
		};
		F5EADC861BD92F8300F44A7B /* Products */ = {
			isa = PBXGroup;
			children = (
				F5EADC851BD92F8300F44A7B /* XIBUIExample.app */,
			);
			name = Products;
			sourceTree = "<group>";
		};
		F5EADC871BD92F8300F44A7B /* XIBUIExample */ = {
			isa = PBXGroup;
			children = (
				F5EADC8B1BD92F8300F44A7B /* AppDelegate.h */,
				F5EADC8C1BD92F8300F44A7B /* AppDelegate.m */,
				F5EADCA11BD9315E00F44A7B /* SimpleTableViewController.h */,
				F5EADCA21BD9315E00F44A7B /* SimpleTableViewController.m */,
				F5EADCA31BD9315E00F44A7B /* SimpleTableViewController.xib */,
				F5EADC941BD92F8300F44A7B /* Assets.xcassets */,
				F5EADC961BD92F8300F44A7B /* LaunchScreen.storyboard */,
				F5EADC991BD92F8300F44A7B /* Info.plist */,
				F5EADC881BD92F8300F44A7B /* Supporting Files */,
			);
			path = XIBUIExample;
			sourceTree = "<group>";
		};
		F5EADC881BD92F8300F44A7B /* Supporting Files */ = {
			isa = PBXGroup;
			children = (
				F5EADC891BD92F8300F44A7B /* main.m */,
			);
			name = "Supporting Files";
			sourceTree = "<group>";
		};
/* End PBXGroup section */

/* Begin PBXNativeTarget section */
		F5EADC841BD92F8300F44A7B /* XIBUIExample */ = {
			isa = PBXNativeTarget;
			buildConfigurationList = F5EADC9C1BD92F8300F44A7B /* Build configuration list for PBXNativeTarget "XIBUIExample" */;
			buildPhases = (
				F5EADC811BD92F8300F44A7B /* Sources */,
				F5EADC821BD92F8300F44A7B /* Frameworks */,
				F5EADC831BD92F8300F44A7B /* Resources */,
			);
			buildRules = (
			);
			dependencies = (
			);
			name = XIBUIExample;
			productName = XIBUIExample;
			productReference = F5EADC851BD92F8300F44A7B /* XIBUIExample.app */;
			productType = "com.apple.product-type.application";
		};
/* End PBXNativeTarget section */

/* Begin PBXProject section */
		F5EADC7D1BD92F8300F44A7B /* Project object */ = {
			isa = PBXProject;
			attributes = {
				LastUpgradeCheck = 0710;
				ORGANIZATIONNAME = "National Information Solutions Cooperative";
				TargetAttributes = {
					F5EADC841BD92F8300F44A7B = {
						CreatedOnToolsVersion = 7.1;
					};
				};
			};
			buildConfigurationList = F5EADC801BD92F8300F44A7B /* Build configuration list for PBXProject "XIBUIExample" */;
			compatibilityVersion = "Xcode 3.2";
			developmentRegion = English;
			hasScannedForEncodings = 0;
			knownRegions = (
				en,
				Base,
			);
			mainGroup = F5EADC7C1BD92F8300F44A7B;
			productRefGroup = F5EADC861BD92F8300F44A7B /* Products */;
			projectDirPath = "";
			projectRoot = "";
			targets = (
				F5EADC841BD92F8300F44A7B /* XIBUIExample */,
			);
		};
/* End PBXProject section */

/* Begin PBXResourcesBuildPhase section */
		F5EADC831BD92F8300F44A7B /* Resources */ = {
			isa = PBXResourcesBuildPhase;
			buildActionMask = 2147483647;
			files = (
				F5EADCA51BD9315E00F44A7B /* SimpleTableViewController.xib in Resources */,
				F5EADC981BD92F8300F44A7B /* LaunchScreen.storyboard in Resources */,
				F5EADC951BD92F8300F44A7B /* Assets.xcassets in Resources */,
			);
			runOnlyForDeploymentPostprocessing = 0;
		};
/* End PBXResourcesBuildPhase section */

/* Begin PBXSourcesBuildPhase section */
		F5EADC811BD92F8300F44A7B /* Sources */ = {
			isa = PBXSourcesBuildPhase;
			buildActionMask = 2147483647;
			files = (
				F5EADC8D1BD92F8300F44A7B /* AppDelegate.m in Sources */,
				F5EADC8A1BD92F8300F44A7B /* main.m in Sources */,
				F5EADCA41BD9315E00F44A7B /* SimpleTableViewController.m in Sources */,
			);
			runOnlyForDeploymentPostprocessing = 0;
		};
/* End PBXSourcesBuildPhase section */

/* Begin PBXVariantGroup section */
		F5EADC961BD92F8300F44A7B /* LaunchScreen.storyboard */ = {
			isa = PBXVariantGroup;
			children = (
				F5EADC971BD92F8300F44A7B /* Base */,
			);
			name = LaunchScreen.storyboard;
			sourceTree = "<group>";
		};
/* End PBXVariantGroup section */

/* Begin XCBuildConfiguration section */
		F5EADC9A1BD92F8300F44A7B /* Debug */ = {
			isa = XCBuildConfiguration;
			buildSettings = {
				ALWAYS_SEARCH_USER_PATHS = NO;
				CLANG_CXX_LANGUAGE_STANDARD = "gnu++0x";
				CLANG_CXX_LIBRARY = "libc++";
				CLANG_ENABLE_MODULES = YES;
				CLANG_ENABLE_OBJC_ARC = YES;
				CLANG_WARN_BOOL_CONVERSION = YES;
				CLANG_WARN_CONSTANT_CONVERSION = YES;
				CLANG_WARN_DIRECT_OBJC_ISA_USAGE = YES_ERROR;
				CLANG_WARN_EMPTY_BODY = YES;
				CLANG_WARN_ENUM_CONVERSION = YES;
				CLANG_WARN_INT_CONVERSION = YES;
				CLANG_WARN_OBJC_ROOT_CLASS = YES_ERROR;
				CLANG_WARN_UNREACHABLE_CODE = YES;
				CLANG_WARN__DUPLICATE_METHOD_MATCH = YES;
				"CODE_SIGN_IDENTITY[sdk=iphoneos*]" = "iPhone Developer";
				COPY_PHASE_STRIP = NO;
				DEBUG_INFORMATION_FORMAT = dwarf;
				ENABLE_STRICT_OBJC_MSGSEND = YES;
				ENABLE_TESTABILITY = YES;
				GCC_C_LANGUAGE_STANDARD = gnu99;
				GCC_DYNAMIC_NO_PIC = NO;
				GCC_NO_COMMON_BLOCKS = YES;
				GCC_OPTIMIZATION_LEVEL = 0;
				GCC_PREPROCESSOR_DEFINITIONS = (
					"DEBUG=1",
					"$(inherited)",
				);
				GCC_WARN_64_TO_32_BIT_CONVERSION = YES;
				GCC_WARN_ABOUT_RETURN_TYPE = YES_ERROR;
				GCC_WARN_UNDECLARED_SELECTOR = YES;
				GCC_WARN_UNINITIALIZED_AUTOS = YES_AGGRESSIVE;
				GCC_WARN_UNUSED_FUNCTION = YES;
				GCC_WARN_UNUSED_VARIABLE = YES;
				IPHONEOS_DEPLOYMENT_TARGET = 9.1;
				MTL_ENABLE_DEBUG_INFO = YES;
				ONLY_ACTIVE_ARCH = YES;
				SDKROOT = iphoneos;
				TARGETED_DEVICE_FAMILY = "1,2";
			};
			name = Debug;
		};
		F5EADC9B1BD92F8300F44A7B /* Release */ = {
			isa = XCBuildConfiguration;
			buildSettings = {
				ALWAYS_SEARCH_USER_PATHS = NO;
				CLANG_CXX_LANGUAGE_STANDARD = "gnu++0x";
				CLANG_CXX_LIBRARY = "libc++";
				CLANG_ENABLE_MODULES = YES;
				CLANG_ENABLE_OBJC_ARC = YES;
				CLANG_WARN_BOOL_CONVERSION = YES;
				CLANG_WARN_CONSTANT_CONVERSION = YES;
				CLANG_WARN_DIRECT_OBJC_ISA_USAGE = YES_ERROR;
				CLANG_WARN_EMPTY_BODY = YES;
				CLANG_WARN_ENUM_CONVERSION = YES;
				CLANG_WARN_INT_CONVERSION = YES;
				CLANG_WARN_OBJC_ROOT_CLASS = YES_ERROR;
				CLANG_WARN_UNREACHABLE_CODE = YES;
				CLANG_WARN__DUPLICATE_METHOD_MATCH = YES;
				"CODE_SIGN_IDENTITY[sdk=iphoneos*]" = "iPhone Developer";
				COPY_PHASE_STRIP = NO;
				DEBUG_INFORMATION_FORMAT = "dwarf-with-dsym";
				ENABLE_NS_ASSERTIONS = NO;
				ENABLE_STRICT_OBJC_MSGSEND = YES;
				GCC_C_LANGUAGE_STANDARD = gnu99;
				GCC_NO_COMMON_BLOCKS = YES;
				GCC_WARN_64_TO_32_BIT_CONVERSION = YES;
				GCC_WARN_ABOUT_RETURN_TYPE = YES_ERROR;
				GCC_WARN_UNDECLARED_SELECTOR = YES;
				GCC_WARN_UNINITIALIZED_AUTOS = YES_AGGRESSIVE;
				GCC_WARN_UNUSED_FUNCTION = YES;
				GCC_WARN_UNUSED_VARIABLE = YES;
				IPHONEOS_DEPLOYMENT_TARGET = 9.1;
				MTL_ENABLE_DEBUG_INFO = NO;
				SDKROOT = iphoneos;
				TARGETED_DEVICE_FAMILY = "1,2";
				VALIDATE_PRODUCT = YES;
			};
			name = Release;
		};
		F5EADC9D1BD92F8300F44A7B /* Debug */ = {
			isa = XCBuildConfiguration;
			buildSettings = {
				ASSETCATALOG_COMPILER_APPICON_NAME = AppIcon;
				INFOPLIST_FILE = XIBUIExample/Info.plist;
				LD_RUNPATH_SEARCH_PATHS = "$(inherited) @executable_path/Frameworks";
				PRODUCT_BUNDLE_IDENTIFIER = coop.nisc.XIBUIExample;
				PRODUCT_NAME = "$(TARGET_NAME)";
			};
			name = Debug;
		};
		F5EADC9E1BD92F8300F44A7B /* Release */ = {
			isa = XCBuildConfiguration;
			buildSettings = {
				ASSETCATALOG_COMPILER_APPICON_NAME = AppIcon;
				INFOPLIST_FILE = XIBUIExample/Info.plist;
				LD_RUNPATH_SEARCH_PATHS = "$(inherited) @executable_path/Frameworks";
				PRODUCT_BUNDLE_IDENTIFIER = coop.nisc.XIBUIExample;
				PRODUCT_NAME = "$(TARGET_NAME)";
			};
			name = Release;
		};
/* End XCBuildConfiguration section */

/* Begin XCConfigurationList section */
		F5EADC801BD92F8300F44A7B /* Build configuration list for PBXProject "XIBUIExample" */ = {
			isa = XCConfigurationList;
			buildConfigurations = (
				F5EADC9A1BD92F8300F44A7B /* Debug */,
				F5EADC9B1BD92F8300F44A7B /* Release */,
			);
			defaultConfigurationIsVisible = 0;
			defaultConfigurationName = Release;
		};
		F5EADC9C1BD92F8300F44A7B /* Build configuration list for PBXNativeTarget "XIBUIExample" */ = {
			isa = XCConfigurationList;
			buildConfigurations = (
				F5EADC9D1BD92F8300F44A7B /* Debug */,
				F5EADC9E1BD92F8300F44A7B /* Release */,
			);
			defaultConfigurationIsVisible = 0;
		};
/* End XCConfigurationList section */
	};
	rootObject = F5EADC7D1BD92F8300F44A7B /* Project object */;
}
